
Microsoft Visual Studio Solution File, Format Version 12.00
Project("{2150E333-8FDC-42A3-9474-1A3956D46DE8}") = "src", "src", "{24EC0E3A-CA58-4B51-8874-85F76F31CCDD}"
EndProject
Project("{FAE04EC0-301F-11D3-BF4B-00C04F79EFBC}") = "Server.AuthService.Domain", "Server.AuthService.Domain\Server.AuthService.Domain.csproj", "{FA533C5A-6A8F-47FB-AF59-179C19D16FA0}"
EndProject
Global
	GlobalSection(SolutionConfigurationPlatforms) = preSolution
		Debug|Any CPU = Debug|Any CPU
		Release|Any CPU = Release|Any CPU
	EndGlobalSection
	GlobalSection(NestedProjects) = preSolution
		{FA533C5A-6A8F-47FB-AF59-179C19D16FA0} = {24EC0E3A-CA58-4B51-8874-85F76F31CCDD}
	EndGlobalSection
	GlobalSection(ProjectConfigurationPlatforms) = postSolution
		{FA533C5A-6A8F-47FB-AF59-179C19D16FA0}.Debug|Any CPU.ActiveCfg = Debug|Any CPU
		{FA533C5A-6A8F-47FB-AF59-179C19D16FA0}.Debug|Any CPU.Build.0 = Debug|Any CPU
		{FA533C5A-6A8F-47FB-AF59-179C19D16FA0}.Release|Any CPU.ActiveCfg = Release|Any CPU
		{FA533C5A-6A8F-47FB-AF59-179C19D16FA0}.Release|Any CPU.Build.0 = Release|Any CPU
	EndGlobalSection
EndGlobal
